
Microsoft Visual Studio Solution File, Format Version 12.00
# Visual Studio Version 17
VisualStudioVersion = 17.2.32505.173
MinimumVisualStudioVersion = 10.0.40219.1
Project("{FAE04EC0-301F-11D3-BF4B-00C04F79EFBC}") = "HunterFreemanDev.Hosts.BlazorWebAssembly", "HunterFreemanDev.Hosts.BlazorWebAssembly\HunterFreemanDev.Hosts.BlazorWebAssembly.csproj", "{6DF4622A-1B31-47CA-8555-F452286B5B6C}"
EndProject
Project("{FAE04EC0-301F-11D3-BF4B-00C04F79EFBC}") = "HunterFreemanDev.Tests", "HunterFreemanDev.Tests\HunterFreemanDev.Tests.csproj", "{C19D802E-BD5A-4B9F-A78A-6F15E7976014}"
EndProject
Project("{FAE04EC0-301F-11D3-BF4B-00C04F79EFBC}") = "HunterFreemanDev.RazorClassLibrary", "HunterFreemanDev.RazorClassLibrary\HunterFreemanDev.RazorClassLibrary.csproj", "{43775C34-AFA5-484F-ACDD-83D0013E78BE}"
EndProject
Project("{FAE04EC0-301F-11D3-BF4B-00C04F79EFBC}") = "HunterFreemanDev.ClassLibrary", "HunterFreemanDev.ClassLibrary\HunterFreemanDev.ClassLibrary.csproj", "{1D7AFFE8-538A-4D51-A9E6-B8FAEBD2C36F}"
EndProject
Global
	GlobalSection(SolutionConfigurationPlatforms) = preSolution
		Debug|Any CPU = Debug|Any CPU
		Release|Any CPU = Release|Any CPU
	EndGlobalSection
	GlobalSection(ProjectConfigurationPlatforms) = postSolution
		{6DF4622A-1B31-47CA-8555-F452286B5B6C}.Debug|Any CPU.ActiveCfg = Debug|Any CPU
		{6DF4622A-1B31-47CA-8555-F452286B5B6C}.Debug|Any CPU.Build.0 = Debug|Any CPU
		{6DF4622A-1B31-47CA-8555-F452286B5B6C}.Release|Any CPU.ActiveCfg = Release|Any CPU
		{6DF4622A-1B31-47CA-8555-F452286B5B6C}.Release|Any CPU.Build.0 = Release|Any CPU
		{C19D802E-BD5A-4B9F-A78A-6F15E7976014}.Debug|Any CPU.ActiveCfg = Debug|Any CPU
		{C19D802E-BD5A-4B9F-A78A-6F15E7976014}.Debug|Any CPU.Build.0 = Debug|Any CPU
		{C19D802E-BD5A-4B9F-A78A-6F15E7976014}.Release|Any CPU.ActiveCfg = Release|Any CPU
		{C19D802E-BD5A-4B9F-A78A-6F15E7976014}.Release|Any CPU.Build.0 = Release|Any CPU
		{43775C34-AFA5-484F-ACDD-83D0013E78BE}.Debug|Any CPU.ActiveCfg = Debug|Any CPU
		{43775C34-AFA5-484F-ACDD-83D0013E78BE}.Debug|Any CPU.Build.0 = Debug|Any CPU
		{43775C34-AFA5-484F-ACDD-83D0013E78BE}.Release|Any CPU.ActiveCfg = Release|Any CPU
		{43775C34-AFA5-484F-ACDD-83D0013E78BE}.Release|Any CPU.Build.0 = Release|Any CPU
		{1D7AFFE8-538A-4D51-A9E6-B8FAEBD2C36F}.Debug|Any CPU.ActiveCfg = Debug|Any CPU
		{1D7AFFE8-538A-4D51-A9E6-B8FAEBD2C36F}.Debug|Any CPU.Build.0 = Debug|Any CPU
		{1D7AFFE8-538A-4D51-A9E6-B8FAEBD2C36F}.Release|Any CPU.ActiveCfg = Release|Any CPU
		{1D7AFFE8-538A-4D51-A9E6-B8FAEBD2C36F}.Release|Any CPU.Build.0 = Release|Any CPU
	EndGlobalSection
	GlobalSection(SolutionProperties) = preSolution
		HideSolutionNode = FALSE
	EndGlobalSection
	GlobalSection(ExtensibilityGlobals) = postSolution
		SolutionGuid = {9081EE10-6E6B-4722-A775-B64FC0C79865}
	EndGlobalSection
EndGlobal
